
Microsoft Visual Studio Solution File, Format Version 11.00
# Visual Studio 2010
Project("{FAE04EC0-301F-11D3-BF4B-00C04F79EFBC}") = "PhoneGame", "Assembly-CSharp.csproj", "{05100981-7EEA-DD92-3ED0-AF6DFB30E60F}"
EndProject
Global
	GlobalSection(SolutionConfigurationPlatforms) = preSolution
		Debug|Any CPU = Debug|Any CPU
		Release|Any CPU = Release|Any CPU
	EndGlobalSection
	GlobalSection(ProjectConfigurationPlatforms) = postSolution
		{05100981-7EEA-DD92-3ED0-AF6DFB30E60F}.Debug|Any CPU.ActiveCfg = Debug|Any CPU
		{05100981-7EEA-DD92-3ED0-AF6DFB30E60F}.Debug|Any CPU.Build.0 = Debug|Any CPU
		{05100981-7EEA-DD92-3ED0-AF6DFB30E60F}.Release|Any CPU.ActiveCfg = Release|Any CPU
		{05100981-7EEA-DD92-3ED0-AF6DFB30E60F}.Release|Any CPU.Build.0 = Release|Any CPU
	EndGlobalSection
	GlobalSection(SolutionProperties) = preSolution
		HideSolutionNode = FALSE
	EndGlobalSection
	GlobalSection(MonoDevelopProperties) = preSolution
		StartupItem = Assembly-CSharp.csproj
	EndGlobalSection
EndGlobal
